
Microsoft Visual Studio Solution File, Format Version 12.00
# Visual Studio 2013
VisualStudioVersion = 12.0.21005.1
MinimumVisualStudioVersion = 10.0.40219.1
Project("{FAE04EC0-301F-11D3-BF4B-00C04F79EFBC}") = "CV.POS.Data", "src\app\CV.POS.Data\CV.POS.Data.csproj", "{B625771D-F81D-4B73-A44E-4C21548BEAEA}"
EndProject
Project("{2150E333-8FDC-42A3-9474-1A3956D46DE8}") = "Solution Items", "Solution Items", "{FC434101-A971-4E22-85F0-00BD33DC7814}"
	ProjectSection(SolutionItems) = preProject
		CV.POS.build = CV.POS.build
	EndProjectSection
EndProject
Project("{FAE04EC0-301F-11D3-BF4B-00C04F79EFBC}") = "CV.POS.Wpf", "src\app\CV.POS.Wpf\CV.POS.Wpf.csproj", "{B949A8F0-E722-4F04-8129-C69B4290BB6A}"
EndProject
Project("{2150E333-8FDC-42A3-9474-1A3956D46DE8}") = "UnitTests", "UnitTests", "{C623612B-2F07-40D2-A099-D6009518956F}"
EndProject
Project("{FAE04EC0-301F-11D3-BF4B-00C04F79EFBC}") = "CV.POS.Business", "src\app\CV.POS.Business\CV.POS.Business.csproj", "{39E35D16-DAA7-46E5-B03F-4E48476F12B1}"
EndProject
Project("{2150E333-8FDC-42A3-9474-1A3956D46DE8}") = "Tests", "Tests", "{2BD6026D-5318-4E33-8C4F-389A66DDD598}"
EndProject
Project("{FAE04EC0-301F-11D3-BF4B-00C04F79EFBC}") = "CV.POS.Wpf.Unit", "src\test\CV.POS.Wpf.Unit\CV.POS.Wpf.Unit.csproj", "{6ABEFFFD-F381-421C-BA87-A6033956B662}"
EndProject
Project("{FAE04EC0-301F-11D3-BF4B-00C04F79EFBC}") = "FocusVMLib", "src\app\FocusVMLib\FocusVMLib.csproj", "{D3566099-1E44-4F8A-B867-16D7CF704166}"
EndProject
Project("{FAE04EC0-301F-11D3-BF4B-00C04F79EFBC}") = "CV.POS.Business.Unit", "src\test\CV.POS.Business.Unit\CV.POS.Business.Unit.csproj", "{B3387EEB-765D-4780-9F17-49BF280EFD4F}"
EndProject
Project("{FAE04EC0-301F-11D3-BF4B-00C04F79EFBC}") = "CV.POS.Infrastructure", "src\app\CV.POS.Infrastructure\CV.POS.Infrastructure.csproj", "{16DEEDEB-EA99-4522-AFB4-B0DF3A167CB5}"
EndProject
Project("{FAE04EC0-301F-11D3-BF4B-00C04F79EFBC}") = "CV.POS.Entities", "src\app\CV.POS.Entities\CV.POS.Entities.csproj", "{29000A77-8193-4538-9685-8F56EAF66322}"
EndProject
Project("{2150E333-8FDC-42A3-9474-1A3956D46DE8}") = "Database", "Database", "{467EDEAE-EBFE-4518-AB32-A94D198433D4}"
EndProject
Global
	GlobalSection(SolutionConfigurationPlatforms) = preSolution
		Debug|Any CPU = Debug|Any CPU
		Release|Any CPU = Release|Any CPU
	EndGlobalSection
	GlobalSection(ProjectConfigurationPlatforms) = postSolution
		{B625771D-F81D-4B73-A44E-4C21548BEAEA}.Debug|Any CPU.ActiveCfg = Debug|Any CPU
		{B625771D-F81D-4B73-A44E-4C21548BEAEA}.Debug|Any CPU.Build.0 = Debug|Any CPU
		{B625771D-F81D-4B73-A44E-4C21548BEAEA}.Release|Any CPU.ActiveCfg = Release|Any CPU
		{B625771D-F81D-4B73-A44E-4C21548BEAEA}.Release|Any CPU.Build.0 = Release|Any CPU
		{B949A8F0-E722-4F04-8129-C69B4290BB6A}.Debug|Any CPU.ActiveCfg = Debug|Any CPU
		{B949A8F0-E722-4F04-8129-C69B4290BB6A}.Debug|Any CPU.Build.0 = Debug|Any CPU
		{B949A8F0-E722-4F04-8129-C69B4290BB6A}.Release|Any CPU.ActiveCfg = Release|Any CPU
		{B949A8F0-E722-4F04-8129-C69B4290BB6A}.Release|Any CPU.Build.0 = Release|Any CPU
		{39E35D16-DAA7-46E5-B03F-4E48476F12B1}.Debug|Any CPU.ActiveCfg = Debug|Any CPU
		{39E35D16-DAA7-46E5-B03F-4E48476F12B1}.Debug|Any CPU.Build.0 = Debug|Any CPU
		{39E35D16-DAA7-46E5-B03F-4E48476F12B1}.Release|Any CPU.ActiveCfg = Release|Any CPU
		{39E35D16-DAA7-46E5-B03F-4E48476F12B1}.Release|Any CPU.Build.0 = Release|Any CPU
		{6ABEFFFD-F381-421C-BA87-A6033956B662}.Debug|Any CPU.ActiveCfg = Debug|Any CPU
		{6ABEFFFD-F381-421C-BA87-A6033956B662}.Debug|Any CPU.Build.0 = Debug|Any CPU
		{6ABEFFFD-F381-421C-BA87-A6033956B662}.Release|Any CPU.ActiveCfg = Release|Any CPU
		{6ABEFFFD-F381-421C-BA87-A6033956B662}.Release|Any CPU.Build.0 = Release|Any CPU
		{D3566099-1E44-4F8A-B867-16D7CF704166}.Debug|Any CPU.ActiveCfg = Debug|Any CPU
		{D3566099-1E44-4F8A-B867-16D7CF704166}.Debug|Any CPU.Build.0 = Debug|Any CPU
		{D3566099-1E44-4F8A-B867-16D7CF704166}.Release|Any CPU.ActiveCfg = Release|Any CPU
		{D3566099-1E44-4F8A-B867-16D7CF704166}.Release|Any CPU.Build.0 = Release|Any CPU
		{B3387EEB-765D-4780-9F17-49BF280EFD4F}.Debug|Any CPU.ActiveCfg = Debug|Any CPU
		{B3387EEB-765D-4780-9F17-49BF280EFD4F}.Debug|Any CPU.Build.0 = Debug|Any CPU
		{B3387EEB-765D-4780-9F17-49BF280EFD4F}.Release|Any CPU.ActiveCfg = Release|Any CPU
		{B3387EEB-765D-4780-9F17-49BF280EFD4F}.Release|Any CPU.Build.0 = Release|Any CPU
		{16DEEDEB-EA99-4522-AFB4-B0DF3A167CB5}.Debug|Any CPU.ActiveCfg = Debug|Any CPU
		{16DEEDEB-EA99-4522-AFB4-B0DF3A167CB5}.Debug|Any CPU.Build.0 = Debug|Any CPU
		{16DEEDEB-EA99-4522-AFB4-B0DF3A167CB5}.Release|Any CPU.ActiveCfg = Release|Any CPU
		{16DEEDEB-EA99-4522-AFB4-B0DF3A167CB5}.Release|Any CPU.Build.0 = Release|Any CPU
		{29000A77-8193-4538-9685-8F56EAF66322}.Debug|Any CPU.ActiveCfg = Debug|Any CPU
		{29000A77-8193-4538-9685-8F56EAF66322}.Debug|Any CPU.Build.0 = Debug|Any CPU
		{29000A77-8193-4538-9685-8F56EAF66322}.Release|Any CPU.ActiveCfg = Release|Any CPU
		{29000A77-8193-4538-9685-8F56EAF66322}.Release|Any CPU.Build.0 = Release|Any CPU
	EndGlobalSection
	GlobalSection(SolutionProperties) = preSolution
		HideSolutionNode = FALSE
	EndGlobalSection
	GlobalSection(NestedProjects) = preSolution
		{16DEEDEB-EA99-4522-AFB4-B0DF3A167CB5} = {467EDEAE-EBFE-4518-AB32-A94D198433D4}
		{29000A77-8193-4538-9685-8F56EAF66322} = {467EDEAE-EBFE-4518-AB32-A94D198433D4}
		{B625771D-F81D-4B73-A44E-4C21548BEAEA} = {467EDEAE-EBFE-4518-AB32-A94D198433D4}
		{D3566099-1E44-4F8A-B867-16D7CF704166} = {FC434101-A971-4E22-85F0-00BD33DC7814}
		{C623612B-2F07-40D2-A099-D6009518956F} = {2BD6026D-5318-4E33-8C4F-389A66DDD598}
		{6ABEFFFD-F381-421C-BA87-A6033956B662} = {C623612B-2F07-40D2-A099-D6009518956F}
		{B3387EEB-765D-4780-9F17-49BF280EFD4F} = {C623612B-2F07-40D2-A099-D6009518956F}
	EndGlobalSection
EndGlobal
